// !$*UTF8*$!
{
	archiveVersion = 1;
	classes = {
	};
	objectVersion = 55;
	objects = {

/* Begin PBXBuildFile section */
		022C09622A8C18210094C00C /* Strings+Generated.swift in Sources */ = {isa = PBXBuildFile; fileRef = 022C09612A8C18210094C00C /* Strings+Generated.swift */; };
		022C09642A8C1A000094C00C /* XCAssets+Generated.swift in Sources */ = {isa = PBXBuildFile; fileRef = 022C09632A8C1A000094C00C /* XCAssets+Generated.swift */; };
		022C09662A8C97C10094C00C /* Fonts+Generated.swift in Sources */ = {isa = PBXBuildFile; fileRef = 022C09652A8C97C10094C00C /* Fonts+Generated.swift */; };
		022C09682A8C99AD0094C00C /* Templates in Resources */ = {isa = PBXBuildFile; fileRef = 022C09672A8C99AD0094C00C /* Templates */; };
		023D9F642A8C0E4200BB83F8 /* swiftgen.yml in Resources */ = {isa = PBXBuildFile; fileRef = 023D9F632A8C0E4200BB83F8 /* swiftgen.yml */; };
		023D9F662A8C17E700BB83F8 /* uk.lproj in Resources */ = {isa = PBXBuildFile; fileRef = 023D9F652A8C17E700BB83F8 /* uk.lproj */; };
		101A3A7C28108BFC008D72B1 /* ElectionsUAApp.swift in Sources */ = {isa = PBXBuildFile; fileRef = 101A3A7B28108BFC008D72B1 /* ElectionsUAApp.swift */; };
		101A3A8028108BFE008D72B1 /* Assets.xcassets in Resources */ = {isa = PBXBuildFile; fileRef = 101A3A7F28108BFE008D72B1 /* Assets.xcassets */; };
		101A3A8328108BFE008D72B1 /* Preview Assets.xcassets in Resources */ = {isa = PBXBuildFile; fileRef = 101A3A8228108BFE008D72B1 /* Preview Assets.xcassets */; };
		101A3A8A28108C65008D72B1 /* StateManager.swift in Sources */ = {isa = PBXBuildFile; fileRef = 101A3A8928108C65008D72B1 /* StateManager.swift */; };
		101A3A9728108D8A008D72B1 /* Realm in Frameworks */ = {isa = PBXBuildFile; productRef = 101A3A9628108D8A008D72B1 /* Realm */; };
		101A3A9928108D8A008D72B1 /* RealmSwift in Frameworks */ = {isa = PBXBuildFile; productRef = 101A3A9828108D8A008D72B1 /* RealmSwift */; };
		101A3AFD28109E43008D72B1 /* K.swift in Sources */ = {isa = PBXBuildFile; fileRef = 101A3ABE28109E42008D72B1 /* K.swift */; };
		101A3AFE28109E43008D72B1 /* View+CornerRadius.swift in Sources */ = {isa = PBXBuildFile; fileRef = 101A3ABF28109E42008D72B1 /* View+CornerRadius.swift */; };
		101A3B0028109E43008D72B1 /* RoundedCorners.swift in Sources */ = {isa = PBXBuildFile; fileRef = 101A3AC128109E42008D72B1 /* RoundedCorners.swift */; };
		101A3B0128109E43008D72B1 /* PartiesLaw.realm in Resources */ = {isa = PBXBuildFile; fileRef = 101A3AC328109E43008D72B1 /* PartiesLaw.realm */; };
		101A3B0328109E43008D72B1 /* NardepyLaw.realm in Resources */ = {isa = PBXBuildFile; fileRef = 101A3AC528109E43008D72B1 /* NardepyLaw.realm */; };
		101A3B0428109E43008D72B1 /* ReferendumLaw.realm in Resources */ = {isa = PBXBuildFile; fileRef = 101A3AC628109E43008D72B1 /* ReferendumLaw.realm */; };
		101A3B0528109E43008D72B1 /* DBCopyAssistant.swift in Sources */ = {isa = PBXBuildFile; fileRef = 101A3AC828109E43008D72B1 /* DBCopyAssistant.swift */; };
		101A3B0628109E43008D72B1 /* NardepyDB.swift in Sources */ = {isa = PBXBuildFile; fileRef = 101A3ACA28109E43008D72B1 /* NardepyDB.swift */; };
		101A3B0728109E43008D72B1 /* ReferendumDB.swift in Sources */ = {isa = PBXBuildFile; fileRef = 101A3ACB28109E43008D72B1 /* ReferendumDB.swift */; };
		101A3B0828109E43008D72B1 /* PartiesDB.swift in Sources */ = {isa = PBXBuildFile; fileRef = 101A3ACC28109E43008D72B1 /* PartiesDB.swift */; };
		101A3B0928109E43008D72B1 /* CodeDB.swift in Sources */ = {isa = PBXBuildFile; fileRef = 101A3ACD28109E43008D72B1 /* CodeDB.swift */; };
		101A3B0A28109E43008D72B1 /* DBProtocols.swift in Sources */ = {isa = PBXBuildFile; fileRef = 101A3ACE28109E43008D72B1 /* DBProtocols.swift */; };
		101A3B0D28109E43008D72B1 /* SearchTab.swift in Sources */ = {isa = PBXBuildFile; fileRef = 101A3AD428109E43008D72B1 /* SearchTab.swift */; };
		101A3B0E28109E43008D72B1 /* SavedTab.swift in Sources */ = {isa = PBXBuildFile; fileRef = 101A3AD628109E43008D72B1 /* SavedTab.swift */; };
		101A3B0F28109E43008D72B1 /* LawsView.swift in Sources */ = {isa = PBXBuildFile; fileRef = 101A3AD828109E43008D72B1 /* LawsView.swift */; };
		101A3B1028109E43008D72B1 /* ChaptersListVM.swift in Sources */ = {isa = PBXBuildFile; fileRef = 101A3ADB28109E43008D72B1 /* ChaptersListVM.swift */; };
		101A3B1128109E43008D72B1 /* ChaptersListView.swift in Sources */ = {isa = PBXBuildFile; fileRef = 101A3ADC28109E43008D72B1 /* ChaptersListView.swift */; };
		101A3B1228109E43008D72B1 /* ArticlesListVM.swift in Sources */ = {isa = PBXBuildFile; fileRef = 101A3ADE28109E43008D72B1 /* ArticlesListVM.swift */; };
		101A3B1328109E43008D72B1 /* ArticlesListView.swift in Sources */ = {isa = PBXBuildFile; fileRef = 101A3ADF28109E43008D72B1 /* ArticlesListView.swift */; };
		101A3B1428109E43008D72B1 /* BooksListView.swift in Sources */ = {isa = PBXBuildFile; fileRef = 101A3AE128109E43008D72B1 /* BooksListView.swift */; };
		101A3B1528109E43008D72B1 /* BooksListVM.swift in Sources */ = {isa = PBXBuildFile; fileRef = 101A3AE228109E43008D72B1 /* BooksListVM.swift */; };
		101A3B1628109E43008D72B1 /* ArticleView.swift in Sources */ = {isa = PBXBuildFile; fileRef = 101A3AE428109E43008D72B1 /* ArticleView.swift */; };
		101A3B1728109E43008D72B1 /* ArticleVM.swift in Sources */ = {isa = PBXBuildFile; fileRef = 101A3AE528109E43008D72B1 /* ArticleVM.swift */; };
		101A3B1828109E43008D72B1 /* LawsVM.swift in Sources */ = {isa = PBXBuildFile; fileRef = 101A3AE628109E43008D72B1 /* LawsVM.swift */; };
		101A3B1928109E43008D72B1 /* CustomTabView.swift in Sources */ = {isa = PBXBuildFile; fileRef = 101A3AE828109E43008D72B1 /* CustomTabView.swift */; };
		101A3B1A28109E43008D72B1 /* HomeTab.swift in Sources */ = {isa = PBXBuildFile; fileRef = 101A3AE928109E43008D72B1 /* HomeTab.swift */; };
		101A3B1B28109E43008D72B1 /* ProtocolsTab.swift in Sources */ = {isa = PBXBuildFile; fileRef = 101A3AEB28109E43008D72B1 /* ProtocolsTab.swift */; };
		101A3B1C28109E43008D72B1 /* ListItem.swift in Sources */ = {isa = PBXBuildFile; fileRef = 101A3AEE28109E43008D72B1 /* ListItem.swift */; };
		101A3B1D28109E43008D72B1 /* ArticleDetailsView.swift in Sources */ = {isa = PBXBuildFile; fileRef = 101A3AEF28109E43008D72B1 /* ArticleDetailsView.swift */; };
		101A3B1E28109E43008D72B1 /* MyDashLine.swift in Sources */ = {isa = PBXBuildFile; fileRef = 101A3AF128109E43008D72B1 /* MyDashLine.swift */; };
		101A3B1F28109E43008D72B1 /* MyBottomNavLine.swift in Sources */ = {isa = PBXBuildFile; fileRef = 101A3AF228109E43008D72B1 /* MyBottomNavLine.swift */; };
		101A3B2028109E43008D72B1 /* BackGradient.swift in Sources */ = {isa = PBXBuildFile; fileRef = 101A3AF328109E43008D72B1 /* BackGradient.swift */; };
		101A3B2128109E43008D72B1 /* Chapter.swift in Sources */ = {isa = PBXBuildFile; fileRef = 101A3AF628109E43008D72B1 /* Chapter.swift */; };
		101A3B2228109E43008D72B1 /* Article.swift in Sources */ = {isa = PBXBuildFile; fileRef = 101A3AF728109E43008D72B1 /* Article.swift */; };
		101A3B2328109E43008D72B1 /* ElectoralCode.swift in Sources */ = {isa = PBXBuildFile; fileRef = 101A3AF928109E43008D72B1 /* ElectoralCode.swift */; };
		101A3B2428109E43008D72B1 /* NardepyLaw.swift in Sources */ = {isa = PBXBuildFile; fileRef = 101A3AFA28109E43008D72B1 /* NardepyLaw.swift */; };
		101A3B2528109E43008D72B1 /* PartiesLaw.swift in Sources */ = {isa = PBXBuildFile; fileRef = 101A3AFB28109E43008D72B1 /* PartiesLaw.swift */; };
		101A3B2628109E43008D72B1 /* ReferendumLaw.swift in Sources */ = {isa = PBXBuildFile; fileRef = 101A3AFC28109E43008D72B1 /* ReferendumLaw.swift */; };
		101A3B2828109E6A008D72B1 /* Book.swift in Sources */ = {isa = PBXBuildFile; fileRef = 101A3B2728109E6A008D72B1 /* Book.swift */; };
		101A3B342812105C008D72B1 /* TabGradient.swift in Sources */ = {isa = PBXBuildFile; fileRef = 101A3B332812105C008D72B1 /* TabGradient.swift */; };
		101A3B3628121081008D72B1 /* TabButton.swift in Sources */ = {isa = PBXBuildFile; fileRef = 101A3B3528121081008D72B1 /* TabButton.swift */; };
		101A3B3828132DA5008D72B1 /* ElectoralCode.realm in Resources */ = {isa = PBXBuildFile; fileRef = 101A3B3728132DA5008D72B1 /* ElectoralCode.realm */; };
		101A3B3B28134D9D008D72B1 /* InfoView.swift in Sources */ = {isa = PBXBuildFile; fileRef = 101A3B3A28134D9D008D72B1 /* InfoView.swift */; };
		101A3B53281357EE008D72B1 /* Gilroy-Medium.ttf in Resources */ = {isa = PBXBuildFile; fileRef = 101A3B3F281357EE008D72B1 /* Gilroy-Medium.ttf */; };
		101A3B5B281357EE008D72B1 /* Gilroy-Regular.ttf in Resources */ = {isa = PBXBuildFile; fileRef = 101A3B47281357EE008D72B1 /* Gilroy-Regular.ttf */; };
		101A3B63281357EE008D72B1 /* Gilroy-SemiBold.ttf in Resources */ = {isa = PBXBuildFile; fileRef = 101A3B4F281357EE008D72B1 /* Gilroy-SemiBold.ttf */; };
		101A3B64281357EE008D72B1 /* Gilroy-Bold.ttf in Resources */ = {isa = PBXBuildFile; fileRef = 101A3B50281357EE008D72B1 /* Gilroy-Bold.ttf */; };
		101A3B88281357F9008D72B1 /* Roboto-Bold.ttf in Resources */ = {isa = PBXBuildFile; fileRef = 101A3B76281357F9008D72B1 /* Roboto-Bold.ttf */; };
		103B88A62815C7CB0046EB3B /* MediaButtonText.swift in Sources */ = {isa = PBXBuildFile; fileRef = 103B88A52815C7CB0046EB3B /* MediaButtonText.swift */; };
		103B88A82815C7E40046EB3B /* MediaButtonImg.swift in Sources */ = {isa = PBXBuildFile; fileRef = 103B88A72815C7E40046EB3B /* MediaButtonImg.swift */; };
		103B88AB2815F8600046EB3B /* TextViewRepresentable.swift in Sources */ = {isa = PBXBuildFile; fileRef = 103B88AA2815F8600046EB3B /* TextViewRepresentable.swift */; };
		103B88AD2816F8DD0046EB3B /* ArticleDetailsVM.swift in Sources */ = {isa = PBXBuildFile; fileRef = 103B88AC2816F8DD0046EB3B /* ArticleDetailsVM.swift */; };
		103B88B228195CFF0046EB3B /* CustomSearchTextField.swift in Sources */ = {isa = PBXBuildFile; fileRef = 103B88B128195CFE0046EB3B /* CustomSearchTextField.swift */; };
		103B88B4281986BD0046EB3B /* SearchTabVM.swift in Sources */ = {isa = PBXBuildFile; fileRef = 103B88B3281986BD0046EB3B /* SearchTabVM.swift */; };
		103B88B728199D4D0046EB3B /* SearchTextFieldModifier.swift in Sources */ = {isa = PBXBuildFile; fileRef = 103B88B628199D4D0046EB3B /* SearchTextFieldModifier.swift */; };
		103B88BA28199D870046EB3B /* View+Placeholder.swift in Sources */ = {isa = PBXBuildFile; fileRef = 103B88B928199D870046EB3B /* View+Placeholder.swift */; };
		103B88BC2819A2AA0046EB3B /* ClearButtonModifier.swift in Sources */ = {isa = PBXBuildFile; fileRef = 103B88BB2819A2AA0046EB3B /* ClearButtonModifier.swift */; };
		103B88BE2819A5FB0046EB3B /* HTagCollection.swift in Sources */ = {isa = PBXBuildFile; fileRef = 103B88BD2819A5FB0046EB3B /* HTagCollection.swift */; };
		103DCE4D283D347C00F9605A /* TextTag.swift in Sources */ = {isa = PBXBuildFile; fileRef = 103DCE4C283D347C00F9605A /* TextTag.swift */; };
		10BD8B292813635D00A38F20 /* AboutOporaText.swift in Sources */ = {isa = PBXBuildFile; fileRef = 10BD8B282813635D00A38F20 /* AboutOporaText.swift */; };
		10C8980C2845463D0077659B /* ProtocolsView.swift in Sources */ = {isa = PBXBuildFile; fileRef = 10C8980B2845463D0077659B /* ProtocolsView.swift */; };
		10C8980E2845494D0077659B /* ProtocolVM.swift in Sources */ = {isa = PBXBuildFile; fileRef = 10C8980D2845494D0077659B /* ProtocolVM.swift */; };
		10F5352F283FB03C0061D6FE /* SearchHistoryView.swift in Sources */ = {isa = PBXBuildFile; fileRef = 10F5352E283FB03C0061D6FE /* SearchHistoryView.swift */; };
		10F53531283FB05A0061D6FE /* PopularSearchView.swift in Sources */ = {isa = PBXBuildFile; fileRef = 10F53530283FB05A0061D6FE /* PopularSearchView.swift */; };
		10F53533283FB15B0061D6FE /* UserData.swift in Sources */ = {isa = PBXBuildFile; fileRef = 10F53532283FB15B0061D6FE /* UserData.swift */; };
		10F53535283FBFF60061D6FE /* SearchHistoryVM.swift in Sources */ = {isa = PBXBuildFile; fileRef = 10F53534283FBFF60061D6FE /* SearchHistoryVM.swift */; };
		10F53539284119D80061D6FE /* SearchListItem.swift in Sources */ = {isa = PBXBuildFile; fileRef = 10F53538284119D80061D6FE /* SearchListItem.swift */; };
		10F5353B284125CA0061D6FE /* HighlitedText.swift in Sources */ = {isa = PBXBuildFile; fileRef = 10F5353A284125CA0061D6FE /* HighlitedText.swift */; };
		10F5353D28413BBE0061D6FE /* SearchHistoryListItem.swift in Sources */ = {isa = PBXBuildFile; fileRef = 10F5353C28413BBE0061D6FE /* SearchHistoryListItem.swift */; };
		10F5354028413C5E0061D6FE /* LawGridItem.swift in Sources */ = {isa = PBXBuildFile; fileRef = 10F5353F28413C5E0061D6FE /* LawGridItem.swift */; };
		10F5354328413F7E0061D6FE /* TagsView.swift in Sources */ = {isa = PBXBuildFile; fileRef = 10F5354228413F7E0061D6FE /* TagsView.swift */; };
		10F53546284230100061D6FE /* TagItemView.swift in Sources */ = {isa = PBXBuildFile; fileRef = 10F53545284230100061D6FE /* TagItemView.swift */; };
		10F535482842312A0061D6FE /* View+readSize.swift in Sources */ = {isa = PBXBuildFile; fileRef = 10F535472842312A0061D6FE /* View+readSize.swift */; };
		10F5354A284237750061D6FE /* PopularSearchVM.swift in Sources */ = {isa = PBXBuildFile; fileRef = 10F53549284237750061D6FE /* PopularSearchVM.swift */; };
		10F5354D28423C930061D6FE /* SearchPlaceholder.swift in Sources */ = {isa = PBXBuildFile; fileRef = 10F5354C28423C930061D6FE /* SearchPlaceholder.swift */; };
		10F5354F28427D580061D6FE /* MediaButtonsCollection.swift in Sources */ = {isa = PBXBuildFile; fileRef = 10F5354E28427D580061D6FE /* MediaButtonsCollection.swift */; };
		C9FDFD4C57368A625A26768A /* Pods_ElectionsUA.framework in Frameworks */ = {isa = PBXBuildFile; fileRef = 28AEBC0E5746C2F62A6B6716 /* Pods_ElectionsUA.framework */; };
/* End PBXBuildFile section */

/* Begin PBXFileReference section */
		022C09612A8C18210094C00C /* Strings+Generated.swift */ = {isa = PBXFileReference; fileEncoding = 4; lastKnownFileType = sourcecode.swift; path = "Strings+Generated.swift"; sourceTree = "<group>"; };
		022C09632A8C1A000094C00C /* XCAssets+Generated.swift */ = {isa = PBXFileReference; fileEncoding = 4; lastKnownFileType = sourcecode.swift; path = "XCAssets+Generated.swift"; sourceTree = "<group>"; };
		022C09652A8C97C10094C00C /* Fonts+Generated.swift */ = {isa = PBXFileReference; fileEncoding = 4; lastKnownFileType = sourcecode.swift; path = "Fonts+Generated.swift"; sourceTree = "<group>"; };
		022C09672A8C99AD0094C00C /* Templates */ = {isa = PBXFileReference; lastKnownFileType = folder; name = Templates; path = ../../Downloads/SwiftGen_Materials/final/Templates; sourceTree = "<group>"; };
		023D9F632A8C0E4200BB83F8 /* swiftgen.yml */ = {isa = PBXFileReference; fileEncoding = 4; lastKnownFileType = text.yaml; path = swiftgen.yml; sourceTree = SOURCE_ROOT; };
		023D9F652A8C17E700BB83F8 /* uk.lproj */ = {isa = PBXFileReference; lastKnownFileType = folder; path = uk.lproj; sourceTree = "<group>"; };
		101A3A7828108BFC008D72B1 /* ElectionsUA.app */ = {isa = PBXFileReference; explicitFileType = wrapper.application; includeInIndex = 0; path = ElectionsUA.app; sourceTree = BUILT_PRODUCTS_DIR; };
		101A3A7B28108BFC008D72B1 /* ElectionsUAApp.swift */ = {isa = PBXFileReference; lastKnownFileType = sourcecode.swift; path = ElectionsUAApp.swift; sourceTree = "<group>"; };
		101A3A7F28108BFE008D72B1 /* Assets.xcassets */ = {isa = PBXFileReference; lastKnownFileType = folder.assetcatalog; path = Assets.xcassets; sourceTree = "<group>"; };
		101A3A8228108BFE008D72B1 /* Preview Assets.xcassets */ = {isa = PBXFileReference; lastKnownFileType = folder.assetcatalog; path = "Preview Assets.xcassets"; sourceTree = "<group>"; };
		101A3A8928108C65008D72B1 /* StateManager.swift */ = {isa = PBXFileReference; fileEncoding = 4; lastKnownFileType = sourcecode.swift; path = StateManager.swift; sourceTree = "<group>"; };
		101A3ABE28109E42008D72B1 /* K.swift */ = {isa = PBXFileReference; fileEncoding = 4; lastKnownFileType = sourcecode.swift; path = K.swift; sourceTree = "<group>"; };
		101A3ABF28109E42008D72B1 /* View+CornerRadius.swift */ = {isa = PBXFileReference; fileEncoding = 4; lastKnownFileType = sourcecode.swift; path = "View+CornerRadius.swift"; sourceTree = "<group>"; };
		101A3AC128109E42008D72B1 /* RoundedCorners.swift */ = {isa = PBXFileReference; fileEncoding = 4; lastKnownFileType = sourcecode.swift; path = RoundedCorners.swift; sourceTree = "<group>"; };
		101A3AC328109E43008D72B1 /* PartiesLaw.realm */ = {isa = PBXFileReference; lastKnownFileType = file; path = PartiesLaw.realm; sourceTree = "<group>"; };
		101A3AC528109E43008D72B1 /* NardepyLaw.realm */ = {isa = PBXFileReference; lastKnownFileType = file; path = NardepyLaw.realm; sourceTree = "<group>"; };
		101A3AC628109E43008D72B1 /* ReferendumLaw.realm */ = {isa = PBXFileReference; lastKnownFileType = file; path = ReferendumLaw.realm; sourceTree = "<group>"; };
		101A3AC828109E43008D72B1 /* DBCopyAssistant.swift */ = {isa = PBXFileReference; fileEncoding = 4; lastKnownFileType = sourcecode.swift; path = DBCopyAssistant.swift; sourceTree = "<group>"; };
		101A3ACA28109E43008D72B1 /* NardepyDB.swift */ = {isa = PBXFileReference; fileEncoding = 4; lastKnownFileType = sourcecode.swift; path = NardepyDB.swift; sourceTree = "<group>"; };
		101A3ACB28109E43008D72B1 /* ReferendumDB.swift */ = {isa = PBXFileReference; fileEncoding = 4; lastKnownFileType = sourcecode.swift; path = ReferendumDB.swift; sourceTree = "<group>"; };
		101A3ACC28109E43008D72B1 /* PartiesDB.swift */ = {isa = PBXFileReference; fileEncoding = 4; lastKnownFileType = sourcecode.swift; path = PartiesDB.swift; sourceTree = "<group>"; };
		101A3ACD28109E43008D72B1 /* CodeDB.swift */ = {isa = PBXFileReference; fileEncoding = 4; lastKnownFileType = sourcecode.swift; path = CodeDB.swift; sourceTree = "<group>"; };
		101A3ACE28109E43008D72B1 /* DBProtocols.swift */ = {isa = PBXFileReference; fileEncoding = 4; lastKnownFileType = sourcecode.swift; path = DBProtocols.swift; sourceTree = "<group>"; };
		101A3AD428109E43008D72B1 /* SearchTab.swift */ = {isa = PBXFileReference; fileEncoding = 4; lastKnownFileType = sourcecode.swift; path = SearchTab.swift; sourceTree = "<group>"; };
		101A3AD628109E43008D72B1 /* SavedTab.swift */ = {isa = PBXFileReference; fileEncoding = 4; lastKnownFileType = sourcecode.swift; path = SavedTab.swift; sourceTree = "<group>"; };
		101A3AD828109E43008D72B1 /* LawsView.swift */ = {isa = PBXFileReference; fileEncoding = 4; lastKnownFileType = sourcecode.swift; path = LawsView.swift; sourceTree = "<group>"; };
		101A3ADB28109E43008D72B1 /* ChaptersListVM.swift */ = {isa = PBXFileReference; fileEncoding = 4; lastKnownFileType = sourcecode.swift; path = ChaptersListVM.swift; sourceTree = "<group>"; };
		101A3ADC28109E43008D72B1 /* ChaptersListView.swift */ = {isa = PBXFileReference; fileEncoding = 4; lastKnownFileType = sourcecode.swift; path = ChaptersListView.swift; sourceTree = "<group>"; };
		101A3ADE28109E43008D72B1 /* ArticlesListVM.swift */ = {isa = PBXFileReference; fileEncoding = 4; lastKnownFileType = sourcecode.swift; path = ArticlesListVM.swift; sourceTree = "<group>"; };
		101A3ADF28109E43008D72B1 /* ArticlesListView.swift */ = {isa = PBXFileReference; fileEncoding = 4; lastKnownFileType = sourcecode.swift; path = ArticlesListView.swift; sourceTree = "<group>"; };
		101A3AE128109E43008D72B1 /* BooksListView.swift */ = {isa = PBXFileReference; fileEncoding = 4; lastKnownFileType = sourcecode.swift; path = BooksListView.swift; sourceTree = "<group>"; };
		101A3AE228109E43008D72B1 /* BooksListVM.swift */ = {isa = PBXFileReference; fileEncoding = 4; lastKnownFileType = sourcecode.swift; path = BooksListVM.swift; sourceTree = "<group>"; };
		101A3AE428109E43008D72B1 /* ArticleView.swift */ = {isa = PBXFileReference; fileEncoding = 4; lastKnownFileType = sourcecode.swift; path = ArticleView.swift; sourceTree = "<group>"; };
		101A3AE528109E43008D72B1 /* ArticleVM.swift */ = {isa = PBXFileReference; fileEncoding = 4; lastKnownFileType = sourcecode.swift; path = ArticleVM.swift; sourceTree = "<group>"; };
		101A3AE628109E43008D72B1 /* LawsVM.swift */ = {isa = PBXFileReference; fileEncoding = 4; lastKnownFileType = sourcecode.swift; path = LawsVM.swift; sourceTree = "<group>"; };
		101A3AE828109E43008D72B1 /* CustomTabView.swift */ = {isa = PBXFileReference; fileEncoding = 4; lastKnownFileType = sourcecode.swift; path = CustomTabView.swift; sourceTree = "<group>"; };
		101A3AE928109E43008D72B1 /* HomeTab.swift */ = {isa = PBXFileReference; fileEncoding = 4; lastKnownFileType = sourcecode.swift; path = HomeTab.swift; sourceTree = "<group>"; };
		101A3AEB28109E43008D72B1 /* ProtocolsTab.swift */ = {isa = PBXFileReference; fileEncoding = 4; lastKnownFileType = sourcecode.swift; path = ProtocolsTab.swift; sourceTree = "<group>"; };
		101A3AEE28109E43008D72B1 /* ListItem.swift */ = {isa = PBXFileReference; fileEncoding = 4; lastKnownFileType = sourcecode.swift; path = ListItem.swift; sourceTree = "<group>"; };
		101A3AEF28109E43008D72B1 /* ArticleDetailsView.swift */ = {isa = PBXFileReference; fileEncoding = 4; lastKnownFileType = sourcecode.swift; path = ArticleDetailsView.swift; sourceTree = "<group>"; };
		101A3AF128109E43008D72B1 /* MyDashLine.swift */ = {isa = PBXFileReference; fileEncoding = 4; lastKnownFileType = sourcecode.swift; path = MyDashLine.swift; sourceTree = "<group>"; };
		101A3AF228109E43008D72B1 /* MyBottomNavLine.swift */ = {isa = PBXFileReference; fileEncoding = 4; lastKnownFileType = sourcecode.swift; path = MyBottomNavLine.swift; sourceTree = "<group>"; };
		101A3AF328109E43008D72B1 /* BackGradient.swift */ = {isa = PBXFileReference; fileEncoding = 4; lastKnownFileType = sourcecode.swift; path = BackGradient.swift; sourceTree = "<group>"; };
		101A3AF628109E43008D72B1 /* Chapter.swift */ = {isa = PBXFileReference; fileEncoding = 4; lastKnownFileType = sourcecode.swift; path = Chapter.swift; sourceTree = "<group>"; };
		101A3AF728109E43008D72B1 /* Article.swift */ = {isa = PBXFileReference; fileEncoding = 4; lastKnownFileType = sourcecode.swift; path = Article.swift; sourceTree = "<group>"; };
		101A3AF928109E43008D72B1 /* ElectoralCode.swift */ = {isa = PBXFileReference; fileEncoding = 4; lastKnownFileType = sourcecode.swift; path = ElectoralCode.swift; sourceTree = "<group>"; };
		101A3AFA28109E43008D72B1 /* NardepyLaw.swift */ = {isa = PBXFileReference; fileEncoding = 4; lastKnownFileType = sourcecode.swift; path = NardepyLaw.swift; sourceTree = "<group>"; };
		101A3AFB28109E43008D72B1 /* PartiesLaw.swift */ = {isa = PBXFileReference; fileEncoding = 4; lastKnownFileType = sourcecode.swift; path = PartiesLaw.swift; sourceTree = "<group>"; };
		101A3AFC28109E43008D72B1 /* ReferendumLaw.swift */ = {isa = PBXFileReference; fileEncoding = 4; lastKnownFileType = sourcecode.swift; path = ReferendumLaw.swift; sourceTree = "<group>"; };
		101A3B2728109E6A008D72B1 /* Book.swift */ = {isa = PBXFileReference; fileEncoding = 4; lastKnownFileType = sourcecode.swift; path = Book.swift; sourceTree = "<group>"; };
		101A3B332812105C008D72B1 /* TabGradient.swift */ = {isa = PBXFileReference; lastKnownFileType = sourcecode.swift; path = TabGradient.swift; sourceTree = "<group>"; };
		101A3B3528121081008D72B1 /* TabButton.swift */ = {isa = PBXFileReference; lastKnownFileType = sourcecode.swift; path = TabButton.swift; sourceTree = "<group>"; };
		101A3B3728132DA5008D72B1 /* ElectoralCode.realm */ = {isa = PBXFileReference; lastKnownFileType = file; path = ElectoralCode.realm; sourceTree = "<group>"; };
		101A3B3A28134D9D008D72B1 /* InfoView.swift */ = {isa = PBXFileReference; lastKnownFileType = sourcecode.swift; path = InfoView.swift; sourceTree = "<group>"; };
		101A3B3F281357EE008D72B1 /* Gilroy-Medium.ttf */ = {isa = PBXFileReference; lastKnownFileType = file; path = "Gilroy-Medium.ttf"; sourceTree = "<group>"; };
		101A3B47281357EE008D72B1 /* Gilroy-Regular.ttf */ = {isa = PBXFileReference; lastKnownFileType = file; path = "Gilroy-Regular.ttf"; sourceTree = "<group>"; };
		101A3B4F281357EE008D72B1 /* Gilroy-SemiBold.ttf */ = {isa = PBXFileReference; lastKnownFileType = file; path = "Gilroy-SemiBold.ttf"; sourceTree = "<group>"; };
		101A3B50281357EE008D72B1 /* Gilroy-Bold.ttf */ = {isa = PBXFileReference; lastKnownFileType = file; path = "Gilroy-Bold.ttf"; sourceTree = "<group>"; };
		101A3B76281357F9008D72B1 /* Roboto-Bold.ttf */ = {isa = PBXFileReference; lastKnownFileType = file; path = "Roboto-Bold.ttf"; sourceTree = "<group>"; };
		103B88A52815C7CB0046EB3B /* MediaButtonText.swift */ = {isa = PBXFileReference; lastKnownFileType = sourcecode.swift; path = MediaButtonText.swift; sourceTree = "<group>"; };
		103B88A72815C7E40046EB3B /* MediaButtonImg.swift */ = {isa = PBXFileReference; lastKnownFileType = sourcecode.swift; path = MediaButtonImg.swift; sourceTree = "<group>"; };
		103B88AA2815F8600046EB3B /* TextViewRepresentable.swift */ = {isa = PBXFileReference; lastKnownFileType = sourcecode.swift; path = TextViewRepresentable.swift; sourceTree = "<group>"; };
		103B88AC2816F8DD0046EB3B /* ArticleDetailsVM.swift */ = {isa = PBXFileReference; lastKnownFileType = sourcecode.swift; path = ArticleDetailsVM.swift; sourceTree = "<group>"; };
		103B88B128195CFE0046EB3B /* CustomSearchTextField.swift */ = {isa = PBXFileReference; lastKnownFileType = sourcecode.swift; path = CustomSearchTextField.swift; sourceTree = "<group>"; };
		103B88B3281986BD0046EB3B /* SearchTabVM.swift */ = {isa = PBXFileReference; lastKnownFileType = sourcecode.swift; path = SearchTabVM.swift; sourceTree = "<group>"; };
		103B88B628199D4D0046EB3B /* SearchTextFieldModifier.swift */ = {isa = PBXFileReference; lastKnownFileType = sourcecode.swift; path = SearchTextFieldModifier.swift; sourceTree = "<group>"; };
		103B88B928199D870046EB3B /* View+Placeholder.swift */ = {isa = PBXFileReference; lastKnownFileType = sourcecode.swift; path = "View+Placeholder.swift"; sourceTree = "<group>"; };
		103B88BB2819A2AA0046EB3B /* ClearButtonModifier.swift */ = {isa = PBXFileReference; lastKnownFileType = sourcecode.swift; path = ClearButtonModifier.swift; sourceTree = "<group>"; };
		103B88BD2819A5FB0046EB3B /* HTagCollection.swift */ = {isa = PBXFileReference; lastKnownFileType = sourcecode.swift; path = HTagCollection.swift; sourceTree = "<group>"; };
		103DCE4C283D347C00F9605A /* TextTag.swift */ = {isa = PBXFileReference; lastKnownFileType = sourcecode.swift; path = TextTag.swift; sourceTree = "<group>"; };
		10BD8B2428135B3900A38F20 /* Info.plist */ = {isa = PBXFileReference; lastKnownFileType = text.plist; path = Info.plist; sourceTree = "<group>"; };
		10BD8B282813635D00A38F20 /* AboutOporaText.swift */ = {isa = PBXFileReference; lastKnownFileType = sourcecode.swift; path = AboutOporaText.swift; sourceTree = "<group>"; };
		10C8980B2845463D0077659B /* ProtocolsView.swift */ = {isa = PBXFileReference; lastKnownFileType = sourcecode.swift; path = ProtocolsView.swift; sourceTree = "<group>"; };
		10C8980D2845494D0077659B /* ProtocolVM.swift */ = {isa = PBXFileReference; lastKnownFileType = sourcecode.swift; path = ProtocolVM.swift; sourceTree = "<group>"; };
		10F5352E283FB03C0061D6FE /* SearchHistoryView.swift */ = {isa = PBXFileReference; lastKnownFileType = sourcecode.swift; path = SearchHistoryView.swift; sourceTree = "<group>"; };
		10F53530283FB05A0061D6FE /* PopularSearchView.swift */ = {isa = PBXFileReference; lastKnownFileType = sourcecode.swift; path = PopularSearchView.swift; sourceTree = "<group>"; };
		10F53532283FB15B0061D6FE /* UserData.swift */ = {isa = PBXFileReference; lastKnownFileType = sourcecode.swift; path = UserData.swift; sourceTree = "<group>"; };
		10F53534283FBFF60061D6FE /* SearchHistoryVM.swift */ = {isa = PBXFileReference; lastKnownFileType = sourcecode.swift; path = SearchHistoryVM.swift; sourceTree = "<group>"; };
		10F53538284119D80061D6FE /* SearchListItem.swift */ = {isa = PBXFileReference; fileEncoding = 4; lastKnownFileType = sourcecode.swift; path = SearchListItem.swift; sourceTree = "<group>"; };
		10F5353A284125CA0061D6FE /* HighlitedText.swift */ = {isa = PBXFileReference; lastKnownFileType = sourcecode.swift; path = HighlitedText.swift; sourceTree = "<group>"; };
		10F5353C28413BBE0061D6FE /* SearchHistoryListItem.swift */ = {isa = PBXFileReference; lastKnownFileType = sourcecode.swift; path = SearchHistoryListItem.swift; sourceTree = "<group>"; };
		10F5353F28413C5E0061D6FE /* LawGridItem.swift */ = {isa = PBXFileReference; lastKnownFileType = sourcecode.swift; path = LawGridItem.swift; sourceTree = "<group>"; };
		10F5354228413F7E0061D6FE /* TagsView.swift */ = {isa = PBXFileReference; lastKnownFileType = sourcecode.swift; path = TagsView.swift; sourceTree = "<group>"; };
		10F53545284230100061D6FE /* TagItemView.swift */ = {isa = PBXFileReference; lastKnownFileType = sourcecode.swift; path = TagItemView.swift; sourceTree = "<group>"; };
		10F535472842312A0061D6FE /* View+readSize.swift */ = {isa = PBXFileReference; lastKnownFileType = sourcecode.swift; path = "View+readSize.swift"; sourceTree = "<group>"; };
		10F53549284237750061D6FE /* PopularSearchVM.swift */ = {isa = PBXFileReference; lastKnownFileType = sourcecode.swift; path = PopularSearchVM.swift; sourceTree = "<group>"; };
		10F5354C28423C930061D6FE /* SearchPlaceholder.swift */ = {isa = PBXFileReference; lastKnownFileType = sourcecode.swift; path = SearchPlaceholder.swift; sourceTree = "<group>"; };
		10F5354E28427D580061D6FE /* MediaButtonsCollection.swift */ = {isa = PBXFileReference; lastKnownFileType = sourcecode.swift; path = MediaButtonsCollection.swift; sourceTree = "<group>"; };
		28AEBC0E5746C2F62A6B6716 /* Pods_ElectionsUA.framework */ = {isa = PBXFileReference; explicitFileType = wrapper.framework; includeInIndex = 0; path = Pods_ElectionsUA.framework; sourceTree = BUILT_PRODUCTS_DIR; };
		9ECE1395EC2D7E43EBA4B55A /* Pods-ElectionsUA.debug.xcconfig */ = {isa = PBXFileReference; includeInIndex = 1; lastKnownFileType = text.xcconfig; name = "Pods-ElectionsUA.debug.xcconfig"; path = "Target Support Files/Pods-ElectionsUA/Pods-ElectionsUA.debug.xcconfig"; sourceTree = "<group>"; };
		FCF627819087E0F1BB362DE8 /* Pods-ElectionsUA.release.xcconfig */ = {isa = PBXFileReference; includeInIndex = 1; lastKnownFileType = text.xcconfig; name = "Pods-ElectionsUA.release.xcconfig"; path = "Target Support Files/Pods-ElectionsUA/Pods-ElectionsUA.release.xcconfig"; sourceTree = "<group>"; };
/* End PBXFileReference section */

/* Begin PBXFrameworksBuildPhase section */
		101A3A7528108BFC008D72B1 /* Frameworks */ = {
			isa = PBXFrameworksBuildPhase;
			buildActionMask = 2147483647;
			files = (
				101A3A9928108D8A008D72B1 /* RealmSwift in Frameworks */,
				101A3A9728108D8A008D72B1 /* Realm in Frameworks */,
				C9FDFD4C57368A625A26768A /* Pods_ElectionsUA.framework in Frameworks */,
			);
			runOnlyForDeploymentPostprocessing = 0;
		};
/* End PBXFrameworksBuildPhase section */

/* Begin PBXGroup section */
		023D9F5E2A8C082E00BB83F8 /* Resources */ = {
			isa = PBXGroup;
			children = (
				101A3B3C2813577E008D72B1 /* Fonts */,
				101A3B2A281160B2008D72B1 /* Generated */,
				023D9F652A8C17E700BB83F8 /* uk.lproj */,
				101A3A7F28108BFE008D72B1 /* Assets.xcassets */,
			);
			path = Resources;
			sourceTree = "<group>";
		};
		101A3A6F28108BFC008D72B1 = {
			isa = PBXGroup;
			children = (
				023D9F632A8C0E4200BB83F8 /* swiftgen.yml */,
				022C09672A8C99AD0094C00C /* Templates */,
				101A3A7A28108BFC008D72B1 /* ElectionsUA */,
				101A3A7928108BFC008D72B1 /* Products */,
				85885CA298F0A6E8C6B938BA /* Pods */,
				7B9E3F2EC4D5B3A71F1F87CD /* Frameworks */,
			);
			sourceTree = "<group>";
		};
		101A3A7928108BFC008D72B1 /* Products */ = {
			isa = PBXGroup;
			children = (
				101A3A7828108BFC008D72B1 /* ElectionsUA.app */,
			);
			name = Products;
			sourceTree = "<group>";
		};
		101A3A7A28108BFC008D72B1 /* ElectionsUA */ = {
			isa = PBXGroup;
			children = (
				10BD8B2428135B3900A38F20 /* Info.plist */,
				101A3A7B28108BFC008D72B1 /* ElectionsUAApp.swift */,
				101A3A8928108C65008D72B1 /* StateManager.swift */,
				101A3AF428109E43008D72B1 /* Model */,
				101A3AD228109E43008D72B1 /* View */,
				101A3AC728109E43008D72B1 /* DB persistence */,
				023D9F5E2A8C082E00BB83F8 /* Resources */,
				101A3ABD28109E42008D72B1 /* Helpers */,
				101A3ABE28109E42008D72B1 /* K.swift */,
				101A3AC228109E43008D72B1 /* Database Files */,
				101A3A8128108BFE008D72B1 /* Preview Content */,
			);
			path = ElectionsUA;
			sourceTree = "<group>";
		};
		101A3A8128108BFE008D72B1 /* Preview Content */ = {
			isa = PBXGroup;
			children = (
				101A3A8228108BFE008D72B1 /* Preview Assets.xcassets */,
			);
			path = "Preview Content";
			sourceTree = "<group>";
		};
		101A3ABD28109E42008D72B1 /* Helpers */ = {
			isa = PBXGroup;
			children = (
				103B88B528199D1D0046EB3B /* Modifiers */,
				10BD8B2D281363EC00A38F20 /* Shapes */,
				10BD8B2C281363C000A38F20 /* Extensions */,
			);
			path = Helpers;
			sourceTree = "<group>";
		};
		101A3AC228109E43008D72B1 /* Database Files */ = {
			isa = PBXGroup;
			children = (
				101A3B3728132DA5008D72B1 /* ElectoralCode.realm */,
				101A3AC328109E43008D72B1 /* PartiesLaw.realm */,
				101A3AC528109E43008D72B1 /* NardepyLaw.realm */,
				101A3AC628109E43008D72B1 /* ReferendumLaw.realm */,
			);
			path = "Database Files";
			sourceTree = "<group>";
		};
		101A3AC728109E43008D72B1 /* DB persistence */ = {
			isa = PBXGroup;
			children = (
				101A3AC828109E43008D72B1 /* DBCopyAssistant.swift */,
				101A3AC928109E43008D72B1 /* DB Managers */,
				101A3ACE28109E43008D72B1 /* DBProtocols.swift */,
				10F53532283FB15B0061D6FE /* UserData.swift */,
			);
			path = "DB persistence";
			sourceTree = "<group>";
		};
		101A3AC928109E43008D72B1 /* DB Managers */ = {
			isa = PBXGroup;
			children = (
				101A3ACA28109E43008D72B1 /* NardepyDB.swift */,
				101A3ACB28109E43008D72B1 /* ReferendumDB.swift */,
				101A3ACC28109E43008D72B1 /* PartiesDB.swift */,
				101A3ACD28109E43008D72B1 /* CodeDB.swift */,
			);
			path = "DB Managers";
			sourceTree = "<group>";
		};
		101A3AD228109E43008D72B1 /* View */ = {
			isa = PBXGroup;
			children = (
				101A3B3928134D88008D72B1 /* Info */,
				101A3AD328109E43008D72B1 /* Search Tab */,
				101A3AD528109E43008D72B1 /* Saved Tab */,
				101A3AD728109E43008D72B1 /* Laws Tab */,
				101A3AE728109E43008D72B1 /* TabBar */,
				101A3AEA28109E43008D72B1 /* Protocols Tab */,
				101A3AEC28109E43008D72B1 /* Reusable Views */,
			);
			path = View;
			sourceTree = "<group>";
		};
		101A3AD328109E43008D72B1 /* Search Tab */ = {
			isa = PBXGroup;
			children = (
				101A3AD428109E43008D72B1 /* SearchTab.swift */,
				103B88B3281986BD0046EB3B /* SearchTabVM.swift */,
				103B88B028195CDC0046EB3B /* Other Subviews */,
				103B88AE28195C610046EB3B /* Search History */,
				103B88AF28195CA70046EB3B /* Popular Search */,
				10F5354B28423C650061D6FE /* Placeholder */,
			);
			path = "Search Tab";
			sourceTree = "<group>";
		};
		101A3AD528109E43008D72B1 /* Saved Tab */ = {
			isa = PBXGroup;
			children = (
				101A3AD628109E43008D72B1 /* SavedTab.swift */,
			);
			path = "Saved Tab";
			sourceTree = "<group>";
		};
		101A3AD728109E43008D72B1 /* Laws Tab */ = {
			isa = PBXGroup;
			children = (
				101A3AD828109E43008D72B1 /* LawsView.swift */,
				101A3AE628109E43008D72B1 /* LawsVM.swift */,
				10F5354128413C7A0061D6FE /* Laws subviews */,
				101A3AD928109E43008D72B1 /* Laws Stack */,
			);
			path = "Laws Tab";
			sourceTree = "<group>";
		};
		101A3AD928109E43008D72B1 /* Laws Stack */ = {
			isa = PBXGroup;
			children = (
				101A3ADA28109E43008D72B1 /* Chapters */,
				101A3ADD28109E43008D72B1 /* Articles */,
				101A3AE028109E43008D72B1 /* Books */,
				101A3AE328109E43008D72B1 /* Article */,
			);
			path = "Laws Stack";
			sourceTree = "<group>";
		};
		101A3ADA28109E43008D72B1 /* Chapters */ = {
			isa = PBXGroup;
			children = (
				101A3ADB28109E43008D72B1 /* ChaptersListVM.swift */,
				101A3ADC28109E43008D72B1 /* ChaptersListView.swift */,
			);
			path = Chapters;
			sourceTree = "<group>";
		};
		101A3ADD28109E43008D72B1 /* Articles */ = {
			isa = PBXGroup;
			children = (
				101A3ADE28109E43008D72B1 /* ArticlesListVM.swift */,
				101A3ADF28109E43008D72B1 /* ArticlesListView.swift */,
			);
			path = Articles;
			sourceTree = "<group>";
		};
		101A3AE028109E43008D72B1 /* Books */ = {
			isa = PBXGroup;
			children = (
				101A3AE128109E43008D72B1 /* BooksListView.swift */,
				101A3AE228109E43008D72B1 /* BooksListVM.swift */,
			);
			path = Books;
			sourceTree = "<group>";
		};
		101A3AE328109E43008D72B1 /* Article */ = {
			isa = PBXGroup;
			children = (
				101A3AE428109E43008D72B1 /* ArticleView.swift */,
				101A3AE528109E43008D72B1 /* ArticleVM.swift */,
				101A3AEF28109E43008D72B1 /* ArticleDetailsView.swift */,
				103B88AC2816F8DD0046EB3B /* ArticleDetailsVM.swift */,
			);
			path = Article;
			sourceTree = "<group>";
		};
		101A3AE728109E43008D72B1 /* TabBar */ = {
			isa = PBXGroup;
			children = (
				101A3AE828109E43008D72B1 /* CustomTabView.swift */,
				101A3AE928109E43008D72B1 /* HomeTab.swift */,
				101A3B322812103E008D72B1 /* TabBar subviews */,
			);
			path = TabBar;
			sourceTree = "<group>";
		};
		101A3AEA28109E43008D72B1 /* Protocols Tab */ = {
			isa = PBXGroup;
			children = (
				101A3AEB28109E43008D72B1 /* ProtocolsTab.swift */,
				10C8980B2845463D0077659B /* ProtocolsView.swift */,
				10C8980D2845494D0077659B /* ProtocolVM.swift */,
			);
			path = "Protocols Tab";
			sourceTree = "<group>";
		};
		101A3AEC28109E43008D72B1 /* Reusable Views */ = {
			isa = PBXGroup;
			children = (
				103B88A92815F8310046EB3B /* View Representables */,
				101A3AED28109E43008D72B1 /* Cells */,
				101A3AF028109E43008D72B1 /* UI Elements */,
			);
			path = "Reusable Views";
			sourceTree = "<group>";
		};
		101A3AED28109E43008D72B1 /* Cells */ = {
			isa = PBXGroup;
			children = (
				101A3AEE28109E43008D72B1 /* ListItem.swift */,
				10F53538284119D80061D6FE /* SearchListItem.swift */,
			);
			path = Cells;
			sourceTree = "<group>";
		};
		101A3AF028109E43008D72B1 /* UI Elements */ = {
			isa = PBXGroup;
			children = (
				101A3AF128109E43008D72B1 /* MyDashLine.swift */,
				101A3AF228109E43008D72B1 /* MyBottomNavLine.swift */,
				101A3AF328109E43008D72B1 /* BackGradient.swift */,
				10F5353A284125CA0061D6FE /* HighlitedText.swift */,
			);
			path = "UI Elements";
			sourceTree = "<group>";
		};
		101A3AF428109E43008D72B1 /* Model */ = {
			isa = PBXGroup;
			children = (
				101A3AF528109E43008D72B1 /* Law Models */,
				101A3AF828109E43008D72B1 /* DB models */,
			);
			path = Model;
			sourceTree = "<group>";
		};
		101A3AF528109E43008D72B1 /* Law Models */ = {
			isa = PBXGroup;
			children = (
				101A3B2728109E6A008D72B1 /* Book.swift */,
				101A3AF628109E43008D72B1 /* Chapter.swift */,
				101A3AF728109E43008D72B1 /* Article.swift */,
			);
			path = "Law Models";
			sourceTree = "<group>";
		};
		101A3AF828109E43008D72B1 /* DB models */ = {
			isa = PBXGroup;
			children = (
				101A3AF928109E43008D72B1 /* ElectoralCode.swift */,
				101A3AFA28109E43008D72B1 /* NardepyLaw.swift */,
				101A3AFB28109E43008D72B1 /* PartiesLaw.swift */,
				101A3AFC28109E43008D72B1 /* ReferendumLaw.swift */,
			);
			path = "DB models";
			sourceTree = "<group>";
		};
		101A3B2A281160B2008D72B1 /* Generated */ = {
			isa = PBXGroup;
			children = (
				022C09612A8C18210094C00C /* Strings+Generated.swift */,
				022C09632A8C1A000094C00C /* XCAssets+Generated.swift */,
				022C09652A8C97C10094C00C /* Fonts+Generated.swift */,
			);
			path = Generated;
			sourceTree = "<group>";
		};
		101A3B322812103E008D72B1 /* TabBar subviews */ = {
			isa = PBXGroup;
			children = (
				101A3B332812105C008D72B1 /* TabGradient.swift */,
				101A3B3528121081008D72B1 /* TabButton.swift */,
			);
			path = "TabBar subviews";
			sourceTree = "<group>";
		};
		101A3B3928134D88008D72B1 /* Info */ = {
			isa = PBXGroup;
			children = (
				101A3B3A28134D9D008D72B1 /* InfoView.swift */,
				10BD8B272813634600A38F20 /* Info subviews */,
			);
			path = Info;
			sourceTree = "<group>";
		};
		101A3B3C2813577E008D72B1 /* Fonts */ = {
			isa = PBXGroup;
			children = (
				101A3B3F281357EE008D72B1 /* Gilroy-Medium.ttf */,
				101A3B47281357EE008D72B1 /* Gilroy-Regular.ttf */,
				101A3B4F281357EE008D72B1 /* Gilroy-SemiBold.ttf */,
				101A3B50281357EE008D72B1 /* Gilroy-Bold.ttf */,
				101A3B76281357F9008D72B1 /* Roboto-Bold.ttf */,
			);
			path = Fonts;
			sourceTree = "<group>";
		};
		103B88A92815F8310046EB3B /* View Representables */ = {
			isa = PBXGroup;
			children = (
				103B88AA2815F8600046EB3B /* TextViewRepresentable.swift */,
			);
			path = "View Representables";
			sourceTree = "<group>";
		};
		103B88AE28195C610046EB3B /* Search History */ = {
			isa = PBXGroup;
			children = (
				10F5352E283FB03C0061D6FE /* SearchHistoryView.swift */,
				10F53534283FBFF60061D6FE /* SearchHistoryVM.swift */,
				10F5353E28413C000061D6FE /* History subviews */,
			);
			path = "Search History";
			sourceTree = "<group>";
		};
		103B88AF28195CA70046EB3B /* Popular Search */ = {
			isa = PBXGroup;
			children = (
				10F53530283FB05A0061D6FE /* PopularSearchView.swift */,
				10F53549284237750061D6FE /* PopularSearchVM.swift */,
				10F5354428422FF60061D6FE /* Popular search subviews */,
			);
			path = "Popular Search";
			sourceTree = "<group>";
		};
		103B88B028195CDC0046EB3B /* Other Subviews */ = {
			isa = PBXGroup;
			children = (
				103B88B128195CFE0046EB3B /* CustomSearchTextField.swift */,
				103B88BD2819A5FB0046EB3B /* HTagCollection.swift */,
				103DCE4C283D347C00F9605A /* TextTag.swift */,
			);
			path = "Other Subviews";
			sourceTree = "<group>";
		};
		103B88B528199D1D0046EB3B /* Modifiers */ = {
			isa = PBXGroup;
			children = (
				103B88B628199D4D0046EB3B /* SearchTextFieldModifier.swift */,
				103B88BB2819A2AA0046EB3B /* ClearButtonModifier.swift */,
			);
			path = Modifiers;
			sourceTree = "<group>";
		};
		103B88B828199D740046EB3B /* View Extensions */ = {
			isa = PBXGroup;
			children = (
				101A3ABF28109E42008D72B1 /* View+CornerRadius.swift */,
				103B88B928199D870046EB3B /* View+Placeholder.swift */,
				10F535472842312A0061D6FE /* View+readSize.swift */,
			);
			path = "View Extensions";
			sourceTree = "<group>";
		};
		10BD8B272813634600A38F20 /* Info subviews */ = {
			isa = PBXGroup;
			children = (
				10BD8B282813635D00A38F20 /* AboutOporaText.swift */,
				103B88A52815C7CB0046EB3B /* MediaButtonText.swift */,
				103B88A72815C7E40046EB3B /* MediaButtonImg.swift */,
				10F5354E28427D580061D6FE /* MediaButtonsCollection.swift */,
			);
			path = "Info subviews";
			sourceTree = "<group>";
		};
		10BD8B2C281363C000A38F20 /* Extensions */ = {
			isa = PBXGroup;
			children = (
				103B88B828199D740046EB3B /* View Extensions */,
			);
			path = Extensions;
			sourceTree = "<group>";
		};
		10BD8B2D281363EC00A38F20 /* Shapes */ = {
			isa = PBXGroup;
			children = (
				101A3AC128109E42008D72B1 /* RoundedCorners.swift */,
			);
			path = Shapes;
			sourceTree = "<group>";
		};
		10F5353E28413C000061D6FE /* History subviews */ = {
			isa = PBXGroup;
			children = (
				10F5353C28413BBE0061D6FE /* SearchHistoryListItem.swift */,
			);
			path = "History subviews";
			sourceTree = "<group>";
		};
		10F5354128413C7A0061D6FE /* Laws subviews */ = {
			isa = PBXGroup;
			children = (
				10F5353F28413C5E0061D6FE /* LawGridItem.swift */,
			);
			path = "Laws subviews";
			sourceTree = "<group>";
		};
		10F5354428422FF60061D6FE /* Popular search subviews */ = {
			isa = PBXGroup;
			children = (
				10F5354228413F7E0061D6FE /* TagsView.swift */,
				10F53545284230100061D6FE /* TagItemView.swift */,
			);
			path = "Popular search subviews";
			sourceTree = "<group>";
		};
		10F5354B28423C650061D6FE /* Placeholder */ = {
			isa = PBXGroup;
			children = (
				10F5354C28423C930061D6FE /* SearchPlaceholder.swift */,
			);
			path = Placeholder;
			sourceTree = "<group>";
		};
		7B9E3F2EC4D5B3A71F1F87CD /* Frameworks */ = {
			isa = PBXGroup;
			children = (
				28AEBC0E5746C2F62A6B6716 /* Pods_ElectionsUA.framework */,
			);
			name = Frameworks;
			sourceTree = "<group>";
		};
		85885CA298F0A6E8C6B938BA /* Pods */ = {
			isa = PBXGroup;
			children = (
				9ECE1395EC2D7E43EBA4B55A /* Pods-ElectionsUA.debug.xcconfig */,
				FCF627819087E0F1BB362DE8 /* Pods-ElectionsUA.release.xcconfig */,
			);
			path = Pods;
			sourceTree = "<group>";
		};
/* End PBXGroup section */

/* Begin PBXNativeTarget section */
		101A3A7728108BFC008D72B1 /* ElectionsUA */ = {
			isa = PBXNativeTarget;
			buildConfigurationList = 101A3A8628108BFE008D72B1 /* Build configuration list for PBXNativeTarget "ElectionsUA" */;
			buildPhases = (
				8AE9E1E44D2C886179C6CF54 /* [CP] Check Pods Manifest.lock */,
				023D9F5D2A8C03A200BB83F8 /* SwiftGen */,
				101A3A7428108BFC008D72B1 /* Sources */,
				101A3A7528108BFC008D72B1 /* Frameworks */,
				101A3A7628108BFC008D72B1 /* Resources */,
			);
			buildRules = (
			);
			dependencies = (
			);
			name = ElectionsUA;
			packageProductDependencies = (
				101A3A9628108D8A008D72B1 /* Realm */,
				101A3A9828108D8A008D72B1 /* RealmSwift */,
			);
			productName = ElectionsUA;
			productReference = 101A3A7828108BFC008D72B1 /* ElectionsUA.app */;
			productType = "com.apple.product-type.application";
		};
/* End PBXNativeTarget section */

/* Begin PBXProject section */
		101A3A7028108BFC008D72B1 /* Project object */ = {
			isa = PBXProject;
			attributes = {
				BuildIndependentTargetsInParallel = 1;
				LastSwiftUpdateCheck = 1330;
				LastUpgradeCheck = 1330;
				TargetAttributes = {
					101A3A7728108BFC008D72B1 = {
						CreatedOnToolsVersion = 13.3.1;
					};
				};
			};
			buildConfigurationList = 101A3A7328108BFC008D72B1 /* Build configuration list for PBXProject "ElectionsUA" */;
			compatibilityVersion = "Xcode 13.0";
			developmentRegion = uk;
			hasScannedForEncodings = 0;
			knownRegions = (
				uk,
				Base,
			);
			mainGroup = 101A3A6F28108BFC008D72B1;
			packageReferences = (
				101A3A9528108D8A008D72B1 /* XCRemoteSwiftPackageReference "realm-swift" */,
			);
			productRefGroup = 101A3A7928108BFC008D72B1 /* Products */;
			projectDirPath = "";
			projectRoot = "";
			targets = (
				101A3A7728108BFC008D72B1 /* ElectionsUA */,
			);
		};
/* End PBXProject section */

/* Begin PBXResourcesBuildPhase section */
		101A3A7628108BFC008D72B1 /* Resources */ = {
			isa = PBXResourcesBuildPhase;
			buildActionMask = 2147483647;
			files = (
				101A3B88281357F9008D72B1 /* Roboto-Bold.ttf in Resources */,
				023D9F642A8C0E4200BB83F8 /* swiftgen.yml in Resources */,
				101A3B5B281357EE008D72B1 /* Gilroy-Regular.ttf in Resources */,
				101A3B63281357EE008D72B1 /* Gilroy-SemiBold.ttf in Resources */,
				022C09682A8C99AD0094C00C /* Templates in Resources */,
				101A3B0328109E43008D72B1 /* NardepyLaw.realm in Resources */,
				101A3B3828132DA5008D72B1 /* ElectoralCode.realm in Resources */,
				023D9F662A8C17E700BB83F8 /* uk.lproj in Resources */,
				101A3A8328108BFE008D72B1 /* Preview Assets.xcassets in Resources */,
				101A3B64281357EE008D72B1 /* Gilroy-Bold.ttf in Resources */,
				101A3B0128109E43008D72B1 /* PartiesLaw.realm in Resources */,
				101A3A8028108BFE008D72B1 /* Assets.xcassets in Resources */,
				101A3B53281357EE008D72B1 /* Gilroy-Medium.ttf in Resources */,
				101A3B0428109E43008D72B1 /* ReferendumLaw.realm in Resources */,
			);
			runOnlyForDeploymentPostprocessing = 0;
		};
/* End PBXResourcesBuildPhase section */

/* Begin PBXShellScriptBuildPhase section */
		023D9F5D2A8C03A200BB83F8 /* SwiftGen */ = {
			isa = PBXShellScriptBuildPhase;
			buildActionMask = 2147483647;
			files = (
			);
			inputFileListPaths = (
			);
			inputPaths = (
			);
			name = SwiftGen;
			outputFileListPaths = (
			);
			outputPaths = (
			);
			runOnlyForDeploymentPostprocessing = 0;
			shellPath = /bin/sh;
			shellScript = "if [[ -f \"${PODS_ROOT}/SwiftGen/bin/swiftgen\" ]]; then\n  \"${PODS_ROOT}/SwiftGen/bin/swiftgen\"\nelse\n  echo \"warning: SwiftGen is not installed. Run 'pod install --repo-update' to install it.\"\nfi \n";
		};
		8AE9E1E44D2C886179C6CF54 /* [CP] Check Pods Manifest.lock */ = {
			isa = PBXShellScriptBuildPhase;
			buildActionMask = 2147483647;
			files = (
			);
			inputFileListPaths = (
			);
			inputPaths = (
				"${PODS_PODFILE_DIR_PATH}/Podfile.lock",
				"${PODS_ROOT}/Manifest.lock",
			);
			name = "[CP] Check Pods Manifest.lock";
			outputFileListPaths = (
			);
			outputPaths = (
				"$(DERIVED_FILE_DIR)/Pods-ElectionsUA-checkManifestLockResult.txt",
			);
			runOnlyForDeploymentPostprocessing = 0;
			shellPath = /bin/sh;
			shellScript = "diff \"${PODS_PODFILE_DIR_PATH}/Podfile.lock\" \"${PODS_ROOT}/Manifest.lock\" > /dev/null\nif [ $? != 0 ] ; then\n    # print error to STDERR\n    echo \"error: The sandbox is not in sync with the Podfile.lock. Run 'pod install' or update your CocoaPods installation.\" >&2\n    exit 1\nfi\n# This output is used by Xcode 'outputs' to avoid re-running this script phase.\necho \"SUCCESS\" > \"${SCRIPT_OUTPUT_FILE_0}\"\n";
			showEnvVarsInLog = 0;
		};
/* End PBXShellScriptBuildPhase section */

/* Begin PBXSourcesBuildPhase section */
		101A3A7428108BFC008D72B1 /* Sources */ = {
			isa = PBXSourcesBuildPhase;
			buildActionMask = 2147483647;
			files = (
				103B88AD2816F8DD0046EB3B /* ArticleDetailsVM.swift in Sources */,
				101A3B0928109E43008D72B1 /* CodeDB.swift in Sources */,
				10C8980C2845463D0077659B /* ProtocolsView.swift in Sources */,
				101A3B2128109E43008D72B1 /* Chapter.swift in Sources */,
				101A3B1228109E43008D72B1 /* ArticlesListVM.swift in Sources */,
				101A3B1428109E43008D72B1 /* BooksListView.swift in Sources */,
				10F5353D28413BBE0061D6FE /* SearchHistoryListItem.swift in Sources */,
				10F5354328413F7E0061D6FE /* TagsView.swift in Sources */,
				103B88B228195CFF0046EB3B /* CustomSearchTextField.swift in Sources */,
				022C09662A8C97C10094C00C /* Fonts+Generated.swift in Sources */,
				101A3B0628109E43008D72B1 /* NardepyDB.swift in Sources */,
				101A3A8A28108C65008D72B1 /* StateManager.swift in Sources */,
				101A3B1928109E43008D72B1 /* CustomTabView.swift in Sources */,
				101A3B1A28109E43008D72B1 /* HomeTab.swift in Sources */,
				10F5354A284237750061D6FE /* PopularSearchVM.swift in Sources */,
				101A3B2828109E6A008D72B1 /* Book.swift in Sources */,
				10BD8B292813635D00A38F20 /* AboutOporaText.swift in Sources */,
				101A3B1628109E43008D72B1 /* ArticleView.swift in Sources */,
				101A3B2528109E43008D72B1 /* PartiesLaw.swift in Sources */,
				10F5354D28423C930061D6FE /* SearchPlaceholder.swift in Sources */,
				101A3B1028109E43008D72B1 /* ChaptersListVM.swift in Sources */,
				101A3B0A28109E43008D72B1 /* DBProtocols.swift in Sources */,
				101A3B1C28109E43008D72B1 /* ListItem.swift in Sources */,
				10F53539284119D80061D6FE /* SearchListItem.swift in Sources */,
				101A3B1528109E43008D72B1 /* BooksListVM.swift in Sources */,
				10F5353B284125CA0061D6FE /* HighlitedText.swift in Sources */,
				10F53533283FB15B0061D6FE /* UserData.swift in Sources */,
				10F53531283FB05A0061D6FE /* PopularSearchView.swift in Sources */,
				022C09642A8C1A000094C00C /* XCAssets+Generated.swift in Sources */,
				101A3AFD28109E43008D72B1 /* K.swift in Sources */,
				022C09622A8C18210094C00C /* Strings+Generated.swift in Sources */,
				101A3B2228109E43008D72B1 /* Article.swift in Sources */,
				103B88B4281986BD0046EB3B /* SearchTabVM.swift in Sources */,
				101A3B1128109E43008D72B1 /* ChaptersListView.swift in Sources */,
				101A3B2428109E43008D72B1 /* NardepyLaw.swift in Sources */,
				101A3B1E28109E43008D72B1 /* MyDashLine.swift in Sources */,
				101A3B0E28109E43008D72B1 /* SavedTab.swift in Sources */,
				10F53535283FBFF60061D6FE /* SearchHistoryVM.swift in Sources */,
				103DCE4D283D347C00F9605A /* TextTag.swift in Sources */,
				101A3B0528109E43008D72B1 /* DBCopyAssistant.swift in Sources */,
				101A3AFE28109E43008D72B1 /* View+CornerRadius.swift in Sources */,
				103B88BA28199D870046EB3B /* View+Placeholder.swift in Sources */,
				101A3B0828109E43008D72B1 /* PartiesDB.swift in Sources */,
				10F5354028413C5E0061D6FE /* LawGridItem.swift in Sources */,
				101A3A7C28108BFC008D72B1 /* ElectionsUAApp.swift in Sources */,
				101A3B1728109E43008D72B1 /* ArticleVM.swift in Sources */,
				103B88AB2815F8600046EB3B /* TextViewRepresentable.swift in Sources */,
				101A3B3B28134D9D008D72B1 /* InfoView.swift in Sources */,
				101A3B0F28109E43008D72B1 /* LawsView.swift in Sources */,
				101A3B3628121081008D72B1 /* TabButton.swift in Sources */,
				10F5352F283FB03C0061D6FE /* SearchHistoryView.swift in Sources */,
				101A3B1D28109E43008D72B1 /* ArticleDetailsView.swift in Sources */,
				103B88BE2819A5FB0046EB3B /* HTagCollection.swift in Sources */,
				103B88A82815C7E40046EB3B /* MediaButtonImg.swift in Sources */,
				101A3B1F28109E43008D72B1 /* MyBottomNavLine.swift in Sources */,
				101A3B2028109E43008D72B1 /* BackGradient.swift in Sources */,
				101A3B2328109E43008D72B1 /* ElectoralCode.swift in Sources */,
				101A3B342812105C008D72B1 /* TabGradient.swift in Sources */,
				101A3B1B28109E43008D72B1 /* ProtocolsTab.swift in Sources */,
				101A3B2628109E43008D72B1 /* ReferendumLaw.swift in Sources */,
				103B88A62815C7CB0046EB3B /* MediaButtonText.swift in Sources */,
				103B88BC2819A2AA0046EB3B /* ClearButtonModifier.swift in Sources */,
				10F5354F28427D580061D6FE /* MediaButtonsCollection.swift in Sources */,
				101A3B0728109E43008D72B1 /* ReferendumDB.swift in Sources */,
				103B88B728199D4D0046EB3B /* SearchTextFieldModifier.swift in Sources */,
				10F53546284230100061D6FE /* TagItemView.swift in Sources */,
				101A3B1828109E43008D72B1 /* LawsVM.swift in Sources */,
				101A3B0028109E43008D72B1 /* RoundedCorners.swift in Sources */,
				101A3B0D28109E43008D72B1 /* SearchTab.swift in Sources */,
				10F535482842312A0061D6FE /* View+readSize.swift in Sources */,
				101A3B1328109E43008D72B1 /* ArticlesListView.swift in Sources */,
				10C8980E2845494D0077659B /* ProtocolVM.swift in Sources */,
			);
			runOnlyForDeploymentPostprocessing = 0;
		};
/* End PBXSourcesBuildPhase section */

/* Begin XCBuildConfiguration section */
		101A3A8428108BFE008D72B1 /* Debug */ = {
			isa = XCBuildConfiguration;
			buildSettings = {
				ALWAYS_SEARCH_USER_PATHS = NO;
				CLANG_ANALYZER_NONNULL = YES;
				CLANG_ANALYZER_NUMBER_OBJECT_CONVERSION = YES_AGGRESSIVE;
				CLANG_CXX_LANGUAGE_STANDARD = "gnu++17";
				CLANG_ENABLE_MODULES = YES;
				CLANG_ENABLE_OBJC_ARC = YES;
				CLANG_ENABLE_OBJC_WEAK = YES;
				CLANG_WARN_BLOCK_CAPTURE_AUTORELEASING = YES;
				CLANG_WARN_BOOL_CONVERSION = YES;
				CLANG_WARN_COMMA = YES;
				CLANG_WARN_CONSTANT_CONVERSION = YES;
				CLANG_WARN_DEPRECATED_OBJC_IMPLEMENTATIONS = YES;
				CLANG_WARN_DIRECT_OBJC_ISA_USAGE = YES_ERROR;
				CLANG_WARN_DOCUMENTATION_COMMENTS = YES;
				CLANG_WARN_EMPTY_BODY = YES;
				CLANG_WARN_ENUM_CONVERSION = YES;
				CLANG_WARN_INFINITE_RECURSION = YES;
				CLANG_WARN_INT_CONVERSION = YES;
				CLANG_WARN_NON_LITERAL_NULL_CONVERSION = YES;
				CLANG_WARN_OBJC_IMPLICIT_RETAIN_SELF = YES;
				CLANG_WARN_OBJC_LITERAL_CONVERSION = YES;
				CLANG_WARN_OBJC_ROOT_CLASS = YES_ERROR;
				CLANG_WARN_QUOTED_INCLUDE_IN_FRAMEWORK_HEADER = YES;
				CLANG_WARN_RANGE_LOOP_ANALYSIS = YES;
				CLANG_WARN_STRICT_PROTOTYPES = YES;
				CLANG_WARN_SUSPICIOUS_MOVE = YES;
				CLANG_WARN_UNGUARDED_AVAILABILITY = YES_AGGRESSIVE;
				CLANG_WARN_UNREACHABLE_CODE = YES;
				CLANG_WARN__DUPLICATE_METHOD_MATCH = YES;
				COPY_PHASE_STRIP = NO;
				DEBUG_INFORMATION_FORMAT = dwarf;
				ENABLE_STRICT_OBJC_MSGSEND = YES;
				ENABLE_TESTABILITY = YES;
				GCC_C_LANGUAGE_STANDARD = gnu11;
				GCC_DYNAMIC_NO_PIC = NO;
				GCC_NO_COMMON_BLOCKS = YES;
				GCC_OPTIMIZATION_LEVEL = 0;
				GCC_PREPROCESSOR_DEFINITIONS = (
					"DEBUG=1",
					"$(inherited)",
				);
				GCC_WARN_64_TO_32_BIT_CONVERSION = YES;
				GCC_WARN_ABOUT_RETURN_TYPE = YES_ERROR;
				GCC_WARN_UNDECLARED_SELECTOR = YES;
				GCC_WARN_UNINITIALIZED_AUTOS = YES_AGGRESSIVE;
				GCC_WARN_UNUSED_FUNCTION = YES;
				GCC_WARN_UNUSED_VARIABLE = YES;
				IPHONEOS_DEPLOYMENT_TARGET = 16.0;
				MTL_ENABLE_DEBUG_INFO = INCLUDE_SOURCE;
				MTL_FAST_MATH = YES;
				ONLY_ACTIVE_ARCH = YES;
				SDKROOT = iphoneos;
				SWIFT_ACTIVE_COMPILATION_CONDITIONS = DEBUG;
				SWIFT_OPTIMIZATION_LEVEL = "-Onone";
			};
			name = Debug;
		};
		101A3A8528108BFE008D72B1 /* Release */ = {
			isa = XCBuildConfiguration;
			buildSettings = {
				ALWAYS_SEARCH_USER_PATHS = NO;
				CLANG_ANALYZER_NONNULL = YES;
				CLANG_ANALYZER_NUMBER_OBJECT_CONVERSION = YES_AGGRESSIVE;
				CLANG_CXX_LANGUAGE_STANDARD = "gnu++17";
				CLANG_ENABLE_MODULES = YES;
				CLANG_ENABLE_OBJC_ARC = YES;
				CLANG_ENABLE_OBJC_WEAK = YES;
				CLANG_WARN_BLOCK_CAPTURE_AUTORELEASING = YES;
				CLANG_WARN_BOOL_CONVERSION = YES;
				CLANG_WARN_COMMA = YES;
				CLANG_WARN_CONSTANT_CONVERSION = YES;
				CLANG_WARN_DEPRECATED_OBJC_IMPLEMENTATIONS = YES;
				CLANG_WARN_DIRECT_OBJC_ISA_USAGE = YES_ERROR;
				CLANG_WARN_DOCUMENTATION_COMMENTS = YES;
				CLANG_WARN_EMPTY_BODY = YES;
				CLANG_WARN_ENUM_CONVERSION = YES;
				CLANG_WARN_INFINITE_RECURSION = YES;
				CLANG_WARN_INT_CONVERSION = YES;
				CLANG_WARN_NON_LITERAL_NULL_CONVERSION = YES;
				CLANG_WARN_OBJC_IMPLICIT_RETAIN_SELF = YES;
				CLANG_WARN_OBJC_LITERAL_CONVERSION = YES;
				CLANG_WARN_OBJC_ROOT_CLASS = YES_ERROR;
				CLANG_WARN_QUOTED_INCLUDE_IN_FRAMEWORK_HEADER = YES;
				CLANG_WARN_RANGE_LOOP_ANALYSIS = YES;
				CLANG_WARN_STRICT_PROTOTYPES = YES;
				CLANG_WARN_SUSPICIOUS_MOVE = YES;
				CLANG_WARN_UNGUARDED_AVAILABILITY = YES_AGGRESSIVE;
				CLANG_WARN_UNREACHABLE_CODE = YES;
				CLANG_WARN__DUPLICATE_METHOD_MATCH = YES;
				COPY_PHASE_STRIP = NO;
				DEBUG_INFORMATION_FORMAT = "dwarf-with-dsym";
				ENABLE_NS_ASSERTIONS = NO;
				ENABLE_STRICT_OBJC_MSGSEND = YES;
				GCC_C_LANGUAGE_STANDARD = gnu11;
				GCC_NO_COMMON_BLOCKS = YES;
				GCC_WARN_64_TO_32_BIT_CONVERSION = YES;
				GCC_WARN_ABOUT_RETURN_TYPE = YES_ERROR;
				GCC_WARN_UNDECLARED_SELECTOR = YES;
				GCC_WARN_UNINITIALIZED_AUTOS = YES_AGGRESSIVE;
				GCC_WARN_UNUSED_FUNCTION = YES;
				GCC_WARN_UNUSED_VARIABLE = YES;
				IPHONEOS_DEPLOYMENT_TARGET = 16.0;
				MTL_ENABLE_DEBUG_INFO = NO;
				MTL_FAST_MATH = YES;
				SDKROOT = iphoneos;
				SWIFT_COMPILATION_MODE = wholemodule;
				SWIFT_OPTIMIZATION_LEVEL = "-O";
				VALIDATE_PRODUCT = YES;
			};
			name = Release;
		};
		101A3A8728108BFE008D72B1 /* Debug */ = {
			isa = XCBuildConfiguration;
			baseConfigurationReference = 9ECE1395EC2D7E43EBA4B55A /* Pods-ElectionsUA.debug.xcconfig */;
			buildSettings = {
				ASSETCATALOG_COMPILER_APPICON_NAME = AppIcon;
				ASSETCATALOG_COMPILER_GLOBAL_ACCENT_COLOR_NAME = AccentColor;
				CODE_SIGN_STYLE = Automatic;
				CURRENT_PROJECT_VERSION = 1;
				DEVELOPMENT_ASSET_PATHS = "\"ElectionsUA/Preview Content\"";
				DEVELOPMENT_TEAM = DS5NH9FZJZ;
				ENABLE_PREVIEWS = YES;
				FRAMEWORK_SEARCH_PATHS = "$(inherited)";
				GENERATE_INFOPLIST_FILE = YES;
				HEADER_SEARCH_PATHS = "$(inherited)";
				INFOPLIST_FILE = ElectionsUA/Info.plist;
				INFOPLIST_KEY_UIApplicationSceneManifest_Generation = YES;
				INFOPLIST_KEY_UIApplicationSupportsIndirectInputEvents = YES;
				INFOPLIST_KEY_UILaunchScreen_Generation = YES;
				INFOPLIST_KEY_UISupportedInterfaceOrientations_iPad = "UIInterfaceOrientationPortrait UIInterfaceOrientationPortraitUpsideDown UIInterfaceOrientationLandscapeLeft UIInterfaceOrientationLandscapeRight";
				INFOPLIST_KEY_UISupportedInterfaceOrientations_iPhone = "UIInterfaceOrientationPortrait UIInterfaceOrientationLandscapeLeft UIInterfaceOrientationLandscapeRight";
				IPHONEOS_DEPLOYMENT_TARGET = 16.0;
				LD_RUNPATH_SEARCH_PATHS = (
					"$(inherited)",
					"@executable_path/Frameworks",
				);
				MARKETING_VERSION = 1.0;
				PRODUCT_BUNDLE_IDENTIFIER = myorganization.ElectionsUA;
				PRODUCT_NAME = "$(TARGET_NAME)";
				SWIFT_EMIT_LOC_STRINGS = YES;
				SWIFT_VERSION = 5.0;
				TARGETED_DEVICE_FAMILY = "1,2";
			};
			name = Debug;
		};
		101A3A8828108BFE008D72B1 /* Release */ = {
			isa = XCBuildConfiguration;
			baseConfigurationReference = FCF627819087E0F1BB362DE8 /* Pods-ElectionsUA.release.xcconfig */;
			buildSettings = {
				ASSETCATALOG_COMPILER_APPICON_NAME = AppIcon;
				ASSETCATALOG_COMPILER_GLOBAL_ACCENT_COLOR_NAME = AccentColor;
				CODE_SIGN_STYLE = Automatic;
				CURRENT_PROJECT_VERSION = 1;
				DEVELOPMENT_ASSET_PATHS = "\"ElectionsUA/Preview Content\"";
				DEVELOPMENT_TEAM = DS5NH9FZJZ;
				ENABLE_PREVIEWS = YES;
				FRAMEWORK_SEARCH_PATHS = "$(inherited)";
				GENERATE_INFOPLIST_FILE = YES;
				HEADER_SEARCH_PATHS = "$(inherited)";
				INFOPLIST_FILE = ElectionsUA/Info.plist;
				INFOPLIST_KEY_UIApplicationSceneManifest_Generation = YES;
				INFOPLIST_KEY_UIApplicationSupportsIndirectInputEvents = YES;
				INFOPLIST_KEY_UILaunchScreen_Generation = YES;
				INFOPLIST_KEY_UISupportedInterfaceOrientations_iPad = "UIInterfaceOrientationPortrait UIInterfaceOrientationPortraitUpsideDown UIInterfaceOrientationLandscapeLeft UIInterfaceOrientationLandscapeRight";
				INFOPLIST_KEY_UISupportedInterfaceOrientations_iPhone = "UIInterfaceOrientationPortrait UIInterfaceOrientationLandscapeLeft UIInterfaceOrientationLandscapeRight";
				IPHONEOS_DEPLOYMENT_TARGET = 16.0;
				LD_RUNPATH_SEARCH_PATHS = (
					"$(inherited)",
					"@executable_path/Frameworks",
				);
				MARKETING_VERSION = 1.0;
				PRODUCT_BUNDLE_IDENTIFIER = myorganization.ElectionsUA;
				PRODUCT_NAME = "$(TARGET_NAME)";
				SWIFT_EMIT_LOC_STRINGS = YES;
				SWIFT_VERSION = 5.0;
				TARGETED_DEVICE_FAMILY = "1,2";
			};
			name = Release;
		};
/* End XCBuildConfiguration section */

/* Begin XCConfigurationList section */
		101A3A7328108BFC008D72B1 /* Build configuration list for PBXProject "ElectionsUA" */ = {
			isa = XCConfigurationList;
			buildConfigurations = (
				101A3A8428108BFE008D72B1 /* Debug */,
				101A3A8528108BFE008D72B1 /* Release */,
			);
			defaultConfigurationIsVisible = 0;
			defaultConfigurationName = Release;
		};
		101A3A8628108BFE008D72B1 /* Build configuration list for PBXNativeTarget "ElectionsUA" */ = {
			isa = XCConfigurationList;
			buildConfigurations = (
				101A3A8728108BFE008D72B1 /* Debug */,
				101A3A8828108BFE008D72B1 /* Release */,
			);
			defaultConfigurationIsVisible = 0;
			defaultConfigurationName = Release;
		};
/* End XCConfigurationList section */

/* Begin XCRemoteSwiftPackageReference section */
		101A3A9528108D8A008D72B1 /* XCRemoteSwiftPackageReference "realm-swift" */ = {
			isa = XCRemoteSwiftPackageReference;
			repositoryURL = "https://github.com/realm/realm-swift";
			requirement = {
				branch = master;
				kind = branch;
			};
		};
/* End XCRemoteSwiftPackageReference section */

/* Begin XCSwiftPackageProductDependency section */
		101A3A9628108D8A008D72B1 /* Realm */ = {
			isa = XCSwiftPackageProductDependency;
			package = 101A3A9528108D8A008D72B1 /* XCRemoteSwiftPackageReference "realm-swift" */;
			productName = Realm;
		};
		101A3A9828108D8A008D72B1 /* RealmSwift */ = {
			isa = XCSwiftPackageProductDependency;
			package = 101A3A9528108D8A008D72B1 /* XCRemoteSwiftPackageReference "realm-swift" */;
			productName = RealmSwift;
		};
/* End XCSwiftPackageProductDependency section */
	};
	rootObject = 101A3A7028108BFC008D72B1 /* Project object */;
}
